
Microsoft Visual Studio Solution File, Format Version 12.00
# Visual Studio Version 17
VisualStudioVersion = 17.3.32922.545
MinimumVisualStudioVersion = 10.0.40219.1
Project("{2150E333-8FDC-42A3-9474-1A3956D46DE8}") = "Backend", "Backend", "{06052F4D-FBC7-407D-9685-2951C89659CC}"
EndProject
Project("{2150E333-8FDC-42A3-9474-1A3956D46DE8}") = "Frontend", "Frontend", "{9A1ABC4A-7C5D-4F95-A3AE-6E1D7F00EDE2}"
EndProject
Project("{2150E333-8FDC-42A3-9474-1A3956D46DE8}") = "Others", "Others", "{C40EBA18-A263-42F1-8F72-07BABE02A2EF}"
	ProjectSection(SolutionItems) = preProject
		.gitignore = .gitignore
	EndProjectSection
EndProject
Project("{2150E333-8FDC-42A3-9474-1A3956D46DE8}") = "Shared", "Shared", "{768276A5-C775-44B1-A2B8-6D3DAFFC72AD}"
EndProject
Project("{9A19103F-16F7-4668-BE54-9A1E7A4F7556}") = "D0JAQL_HFT_2021222.Data", "D0JAQL_HFT_2021222.Data\D0JAQL_HFT_2021222.Data.csproj", "{4C1B5E59-FDF6-4E45-949B-D1BDC8599ECC}"
EndProject
Project("{9A19103F-16F7-4668-BE54-9A1E7A4F7556}") = "D0JAQL_HFT_2021222.Endpoint", "D0JAQL_HFT_2021222.Endpoint\D0JAQL_HFT_2021222.Endpoint.csproj", "{3B081E0D-80B7-401E-8083-0067294927C0}"
EndProject
Project("{9A19103F-16F7-4668-BE54-9A1E7A4F7556}") = "D0JAQL_HFT_2021222.Logic", "D0JAQL_HFT_2021222.Logic\D0JAQL_HFT_2021222.Logic.csproj", "{42237334-6557-4AC3-8C77-7C55C033CD68}"
EndProject
Project("{9A19103F-16F7-4668-BE54-9A1E7A4F7556}") = "D0JAQL_HFT_2021222.Repository", "D0JAQL_HFT_2021222.Repository\D0JAQL_HFT_2021222.Repository.csproj", "{9F6A2139-6027-4F95-A0C1-BA48F394C1EC}"
EndProject
Project("{9A19103F-16F7-4668-BE54-9A1E7A4F7556}") = "D0JAQL_HFT_2021222.Client", "D0JAQL_HFT_2021222.Client\D0JAQL_HFT_2021222.Client.csproj", "{CC018086-E75E-4672-958E-384E07EB861F}"
EndProject
Project("{9A19103F-16F7-4668-BE54-9A1E7A4F7556}") = "D0JAQL_HFT_2021222.Models", "D0JAQL_HFT_2021222.Models\D0JAQL_HFT_2021222.Models.csproj", "{1F5FCDFB-29D6-43D1-BEB4-176A9094ABC2}"
EndProject
Project("{9A19103F-16F7-4668-BE54-9A1E7A4F7556}") = "D0JAQL_HFT_2021222.WPFClient", "D0JAQL_HFT_2021222.WPFClient\D0JAQL_HFT_2021222.WPFClient.csproj", "{3F331C2A-1B89-44DC-B4C6-3BB54145F625}"
EndProject
Project("{FAE04EC0-301F-11D3-BF4B-00C04F79EFBC}") = "D0JAQL_HFT2021222.JSClient", "D0JAQL_HFT2021222.JSClient\D0JAQL_HFT2021222.JSClient.csproj", "{EDCE2407-4945-4C36-A0A0-4617DE9B5E67}"
EndProject
Global
	GlobalSection(SolutionConfigurationPlatforms) = preSolution
		Debug|Any CPU = Debug|Any CPU
		Release|Any CPU = Release|Any CPU
	EndGlobalSection
	GlobalSection(ProjectConfigurationPlatforms) = postSolution
		{4C1B5E59-FDF6-4E45-949B-D1BDC8599ECC}.Debug|Any CPU.ActiveCfg = Debug|Any CPU
		{4C1B5E59-FDF6-4E45-949B-D1BDC8599ECC}.Debug|Any CPU.Build.0 = Debug|Any CPU
		{4C1B5E59-FDF6-4E45-949B-D1BDC8599ECC}.Release|Any CPU.ActiveCfg = Release|Any CPU
		{4C1B5E59-FDF6-4E45-949B-D1BDC8599ECC}.Release|Any CPU.Build.0 = Release|Any CPU
		{3B081E0D-80B7-401E-8083-0067294927C0}.Debug|Any CPU.ActiveCfg = Debug|Any CPU
		{3B081E0D-80B7-401E-8083-0067294927C0}.Debug|Any CPU.Build.0 = Debug|Any CPU
		{3B081E0D-80B7-401E-8083-0067294927C0}.Release|Any CPU.ActiveCfg = Release|Any CPU
		{3B081E0D-80B7-401E-8083-0067294927C0}.Release|Any CPU.Build.0 = Release|Any CPU
		{42237334-6557-4AC3-8C77-7C55C033CD68}.Debug|Any CPU.ActiveCfg = Debug|Any CPU
		{42237334-6557-4AC3-8C77-7C55C033CD68}.Debug|Any CPU.Build.0 = Debug|Any CPU
		{42237334-6557-4AC3-8C77-7C55C033CD68}.Release|Any CPU.ActiveCfg = Release|Any CPU
		{42237334-6557-4AC3-8C77-7C55C033CD68}.Release|Any CPU.Build.0 = Release|Any CPU
		{9F6A2139-6027-4F95-A0C1-BA48F394C1EC}.Debug|Any CPU.ActiveCfg = Debug|Any CPU
		{9F6A2139-6027-4F95-A0C1-BA48F394C1EC}.Debug|Any CPU.Build.0 = Debug|Any CPU
		{9F6A2139-6027-4F95-A0C1-BA48F394C1EC}.Release|Any CPU.ActiveCfg = Release|Any CPU
		{9F6A2139-6027-4F95-A0C1-BA48F394C1EC}.Release|Any CPU.Build.0 = Release|Any CPU
		{CC018086-E75E-4672-958E-384E07EB861F}.Debug|Any CPU.ActiveCfg = Debug|Any CPU
		{CC018086-E75E-4672-958E-384E07EB861F}.Debug|Any CPU.Build.0 = Debug|Any CPU
		{CC018086-E75E-4672-958E-384E07EB861F}.Release|Any CPU.ActiveCfg = Release|Any CPU
		{CC018086-E75E-4672-958E-384E07EB861F}.Release|Any CPU.Build.0 = Release|Any CPU
		{1F5FCDFB-29D6-43D1-BEB4-176A9094ABC2}.Debug|Any CPU.ActiveCfg = Debug|Any CPU
		{1F5FCDFB-29D6-43D1-BEB4-176A9094ABC2}.Debug|Any CPU.Build.0 = Debug|Any CPU
		{1F5FCDFB-29D6-43D1-BEB4-176A9094ABC2}.Release|Any CPU.ActiveCfg = Release|Any CPU
		{1F5FCDFB-29D6-43D1-BEB4-176A9094ABC2}.Release|Any CPU.Build.0 = Release|Any CPU
		{3F331C2A-1B89-44DC-B4C6-3BB54145F625}.Debug|Any CPU.ActiveCfg = Debug|Any CPU
		{3F331C2A-1B89-44DC-B4C6-3BB54145F625}.Debug|Any CPU.Build.0 = Debug|Any CPU
		{3F331C2A-1B89-44DC-B4C6-3BB54145F625}.Release|Any CPU.ActiveCfg = Release|Any CPU
		{3F331C2A-1B89-44DC-B4C6-3BB54145F625}.Release|Any CPU.Build.0 = Release|Any CPU
		{EDCE2407-4945-4C36-A0A0-4617DE9B5E67}.Debug|Any CPU.ActiveCfg = Debug|Any CPU
		{EDCE2407-4945-4C36-A0A0-4617DE9B5E67}.Debug|Any CPU.Build.0 = Debug|Any CPU
		{EDCE2407-4945-4C36-A0A0-4617DE9B5E67}.Release|Any CPU.ActiveCfg = Release|Any CPU
		{EDCE2407-4945-4C36-A0A0-4617DE9B5E67}.Release|Any CPU.Build.0 = Release|Any CPU
	EndGlobalSection
	GlobalSection(SolutionProperties) = preSolution
		HideSolutionNode = FALSE
	EndGlobalSection
	GlobalSection(NestedProjects) = preSolution
		{4C1B5E59-FDF6-4E45-949B-D1BDC8599ECC} = {06052F4D-FBC7-407D-9685-2951C89659CC}
		{3B081E0D-80B7-401E-8083-0067294927C0} = {06052F4D-FBC7-407D-9685-2951C89659CC}
		{42237334-6557-4AC3-8C77-7C55C033CD68} = {06052F4D-FBC7-407D-9685-2951C89659CC}
		{9F6A2139-6027-4F95-A0C1-BA48F394C1EC} = {06052F4D-FBC7-407D-9685-2951C89659CC}
		{CC018086-E75E-4672-958E-384E07EB861F} = {9A1ABC4A-7C5D-4F95-A3AE-6E1D7F00EDE2}
		{1F5FCDFB-29D6-43D1-BEB4-176A9094ABC2} = {768276A5-C775-44B1-A2B8-6D3DAFFC72AD}
		{3F331C2A-1B89-44DC-B4C6-3BB54145F625} = {9A1ABC4A-7C5D-4F95-A3AE-6E1D7F00EDE2}
		{EDCE2407-4945-4C36-A0A0-4617DE9B5E67} = {9A1ABC4A-7C5D-4F95-A3AE-6E1D7F00EDE2}
	EndGlobalSection
	GlobalSection(ExtensibilityGlobals) = postSolution
		SolutionGuid = {CB95C712-93BB-4F1E-98B4-9970E394AD28}
	EndGlobalSection
EndGlobal
